// !$*UTF8*$!
{
	archiveVersion = 1;
	classes = {
	};
	objectVersion = 56;
	objects = {

/* Begin PBXBuildFile section */
		A001 /* WordTaggerApp.swift in Sources */ = {isa = PBXBuildFile; fileRef = B101 /* WordTaggerApp.swift */; };
		A002 /* ContentView.swift in Sources */ = {isa = PBXBuildFile; fileRef = B102 /* ContentView.swift */; };
		A003 /* Assets.xcassets in Resources */ = {isa = PBXBuildFile; fileRef = B103 /* Assets.xcassets */; };
		A004 /* Models.swift in Sources */ = {isa = PBXBuildFile; fileRef = B104 /* Models.swift */; };
		A005 /* Store.swift in Sources */ = {isa = PBXBuildFile; fileRef = B105 /* Store.swift */; };
		A006 /* Extensions.swift in Sources */ = {isa = PBXBuildFile; fileRef = B106 /* Extensions.swift */; };
		A007 /* SearchService.swift in Sources */ = {isa = PBXBuildFile; fileRef = B107 /* SearchService.swift */; };
		A008 /* Geocoder.swift in Sources */ = {isa = PBXBuildFile; fileRef = B108 /* Geocoder.swift */; };
		A009 /* GraphService.swift in Sources */ = {isa = PBXBuildFile; fileRef = B109 /* GraphService.swift */; };
		A010 /* CommandParser.swift in Sources */ = {isa = PBXBuildFile; fileRef = B110 /* CommandParser.swift */; };
		A011 /* GraphView.swift in Sources */ = {isa = PBXBuildFile; fileRef = B111 /* GraphView.swift */; };
		A012 /* MapContainer.swift in Sources */ = {isa = PBXBuildFile; fileRef = B112 /* MapContainer.swift */; };
		A013 /* CommandPaletteView.swift in Sources */ = {isa = PBXBuildFile; fileRef = B113 /* CommandPaletteView.swift */; };
		A014 /* DetailPanel.swift in Sources */ = {isa = PBXBuildFile; fileRef = B114 /* DetailPanel.swift */; };
		A015 /* TagSidebarView.swift in Sources */ = {isa = PBXBuildFile; fileRef = B115 /* TagSidebarView.swift */; };
		A016 /* WordListView.swift in Sources */ = {isa = PBXBuildFile; fileRef = B116 /* WordListView.swift */; };
		A017 /* MapWindow.swift in Sources */ = {isa = PBXBuildFile; fileRef = B117 /* MapWindow.swift */; };
		A018 /* SettingsView.swift in Sources */ = {isa = PBXBuildFile; fileRef = B118 /* SettingsView.swift */; };
		A019 /* GrapeGraphView.swift in Sources */ = {isa = PBXBuildFile; fileRef = B119 /* GrapeGraphView.swift */; };
		A020 /* UniversalRelationshipGraphView.swift in Sources */ = {isa = PBXBuildFile; fileRef = B121 /* UniversalRelationshipGraphView.swift */; };
/* End PBXBuildFile section */

/* Begin PBXFileReference section */
		C100 /* WordTagger.app */ = {isa = PBXFileReference; explicitFileType = wrapper.application; includeInIndex = 0; path = WordTagger.app; sourceTree = BUILT_PRODUCTS_DIR; };
		B101 /* WordTaggerApp.swift */ = {isa = PBXFileReference; lastKnownFileType = sourcecode.swift; path = WordTaggerApp.swift; sourceTree = "<group>"; };
		B102 /* ContentView.swift */ = {isa = PBXFileReference; lastKnownFileType = sourcecode.swift; path = ContentView.swift; sourceTree = "<group>"; };
		B103 /* Assets.xcassets */ = {isa = PBXFileReference; lastKnownFileType = folder.assetcatalog; path = Assets.xcassets; sourceTree = "<group>"; };
		B104 /* Models.swift */ = {isa = PBXFileReference; lastKnownFileType = sourcecode.swift; path = Models.swift; sourceTree = "<group>"; };
		B105 /* Store.swift */ = {isa = PBXFileReference; lastKnownFileType = sourcecode.swift; path = Store.swift; sourceTree = "<group>"; };
		B106 /* Extensions.swift */ = {isa = PBXFileReference; lastKnownFileType = sourcecode.swift; path = Extensions.swift; sourceTree = "<group>"; };
		B107 /* SearchService.swift */ = {isa = PBXFileReference; lastKnownFileType = sourcecode.swift; path = SearchService.swift; sourceTree = "<group>"; };
		B108 /* Geocoder.swift */ = {isa = PBXFileReference; lastKnownFileType = sourcecode.swift; path = Geocoder.swift; sourceTree = "<group>"; };
		B109 /* GraphService.swift */ = {isa = PBXFileReference; lastKnownFileType = sourcecode.swift; path = GraphService.swift; sourceTree = "<group>"; };
		B110 /* CommandParser.swift */ = {isa = PBXFileReference; lastKnownFileType = sourcecode.swift; path = CommandParser.swift; sourceTree = "<group>"; };
		B111 /* GraphView.swift */ = {isa = PBXFileReference; lastKnownFileType = sourcecode.swift; path = GraphView.swift; sourceTree = "<group>"; };
		B112 /* MapContainer.swift */ = {isa = PBXFileReference; lastKnownFileType = sourcecode.swift; path = MapContainer.swift; sourceTree = "<group>"; };
		B113 /* CommandPaletteView.swift */ = {isa = PBXFileReference; lastKnownFileType = sourcecode.swift; path = CommandPaletteView.swift; sourceTree = "<group>"; };
		B114 /* DetailPanel.swift */ = {isa = PBXFileReference; lastKnownFileType = sourcecode.swift; path = DetailPanel.swift; sourceTree = "<group>"; };
		B115 /* TagSidebarView.swift */ = {isa = PBXFileReference; lastKnownFileType = sourcecode.swift; path = TagSidebarView.swift; sourceTree = "<group>"; };
		B116 /* WordListView.swift */ = {isa = PBXFileReference; lastKnownFileType = sourcecode.swift; path = WordListView.swift; sourceTree = "<group>"; };
		B117 /* MapWindow.swift */ = {isa = PBXFileReference; lastKnownFileType = sourcecode.swift; path = MapWindow.swift; sourceTree = "<group>"; };
		B118 /* SettingsView.swift */ = {isa = PBXFileReference; lastKnownFileType = sourcecode.swift; path = SettingsView.swift; sourceTree = "<group>"; };
		B119 /* GrapeGraphView.swift */ = {isa = PBXFileReference; lastKnownFileType = sourcecode.swift; path = GrapeGraphView.swift; sourceTree = "<group>"; };
	B120 /* WordTagger.entitlements */ = {isa = PBXFileReference; lastKnownFileType = text.plist.entitlements; path = WordTagger.entitlements; sourceTree = "<group>"; };
		B121 /* UniversalRelationshipGraphView.swift */ = {isa = PBXFileReference; lastKnownFileType = sourcecode.swift; path = UniversalRelationshipGraphView.swift; sourceTree = "<group>"; };
/* End PBXFileReference section */

/* Begin PBXFrameworksBuildPhase section */
		D200 /* Frameworks */ = {
			isa = PBXFrameworksBuildPhase;
			buildActionMask = 2147483647;
			files = (
			);
			runOnlyForDeploymentPostprocessing = 0;
		};
/* End PBXFrameworksBuildPhase section */

/* Begin PBXGroup section */
		E300 = {
			isa = PBXGroup;
			children = (
				E302 /* WordTagger */,
				E301 /* Products */,
			);
			sourceTree = "<group>";
		};
		E301 /* Products */ = {
			isa = PBXGroup;
			children = (
				C100 /* WordTagger.app */,
			);
			name = Products;
			sourceTree = "<group>";
		};
		E302 /* WordTagger */ = {
			isa = PBXGroup;
			children = (
				B101 /* WordTaggerApp.swift */,
				B102 /* ContentView.swift */,
				B104 /* Models.swift */,
				B105 /* Store.swift */,
				B106 /* Extensions.swift */,
				B107 /* SearchService.swift */,
				B108 /* Geocoder.swift */,
				B109 /* GraphService.swift */,
				B110 /* CommandParser.swift */,
				B111 /* GraphView.swift */,
				B112 /* MapContainer.swift */,
				B113 /* CommandPaletteView.swift */,
				B114 /* DetailPanel.swift */,
				B115 /* TagSidebarView.swift */,
				B116 /* WordListView.swift */,
				B117 /* MapWindow.swift */,
				B118 /* SettingsView.swift */,
				B119 /* GrapeGraphView.swift */,
				B121 /* UniversalRelationshipGraphView.swift */,
				B103 /* Assets.xcassets */,
				B120 /* WordTagger.entitlements */,
			);
			path = WordTagger;
			sourceTree = "<group>";
		};
/* End PBXGroup section */

/* Begin PBXNativeTarget section */
		F400 /* WordTagger */ = {
			isa = PBXNativeTarget;
			buildConfigurationList = G500 /* Build configuration list for PBXNativeTarget "WordTagger" */;
			buildPhases = (
				F401 /* Sources */,
				D200 /* Frameworks */,
				F402 /* Resources */,
			);
			buildRules = (
			);
			dependencies = (
			);
			name = WordTagger;
			productName = WordTagger;
			productReference = C100 /* WordTagger.app */;
			productType = "com.apple.product-type.application";
		};
/* End PBXNativeTarget section */

/* Begin PBXProject section */
		H600 /* Project object */ = {
			isa = PBXProject;
			attributes = {
				BuildIndependentTargetsInParallel = 1;
				LastSwiftUpdateCheck = 1540;
				LastUpgradeCheck = 1540;
				TargetAttributes = {
					F400 = {
						CreatedOnToolsVersion = 15.4;
					};
				};
			};
			buildConfigurationList = H601 /* Build configuration list for PBXProject "WordTagger" */;
			compatibilityVersion = "Xcode 14.0";
			developmentRegion = en;
			hasScannedForEncodings = 0;
			knownRegions = (
				en,
				Base,
			);
			mainGroup = E300;
			productRefGroup = E301 /* Products */;
			projectDirPath = "";
			projectRoot = "";
			targets = (
				F400 /* WordTagger */,
			);
		};
/* End PBXProject section */

/* Begin PBXResourcesBuildPhase section */
		F402 /* Resources */ = {
			isa = PBXResourcesBuildPhase;
			buildActionMask = 2147483647;
			files = (
				A003 /* Assets.xcassets in Resources */,
			);
			runOnlyForDeploymentPostprocessing = 0;
		};
/* End PBXResourcesBuildPhase section */

/* Begin PBXSourcesBuildPhase section */
		F401 /* Sources */ = {
			isa = PBXSourcesBuildPhase;
			buildActionMask = 2147483647;
			files = (
				A002 /* ContentView.swift in Sources */,
				A001 /* WordTaggerApp.swift in Sources */,
				A004 /* Models.swift in Sources */,
				A005 /* Store.swift in Sources */,
				A006 /* Extensions.swift in Sources */,
				A007 /* SearchService.swift in Sources */,
				A008 /* Geocoder.swift in Sources */,
				A009 /* GraphService.swift in Sources */,
				A010 /* CommandParser.swift in Sources */,
				A011 /* GraphView.swift in Sources */,
				A012 /* MapContainer.swift in Sources */,
				A013 /* CommandPaletteView.swift in Sources */,
				A014 /* DetailPanel.swift in Sources */,
				A015 /* TagSidebarView.swift in Sources */,
				A016 /* WordListView.swift in Sources */,
				A017 /* MapWindow.swift in Sources */,
				A018 /* SettingsView.swift in Sources */,
				A019 /* GrapeGraphView.swift in Sources */,
				A020 /* UniversalRelationshipGraphView.swift in Sources */,
			);
			runOnlyForDeploymentPostprocessing = 0;
		};
/* End PBXSourcesBuildPhase section */

/* Begin XCBuildConfiguration section */
		I502 /* Debug */ = {
			isa = XCBuildConfiguration;
			buildSettings = {
				ALWAYS_SEARCH_USER_PATHS = NO;
				ASSETCATALOG_COMPILER_GENERATE_SWIFT_ASSET_SYMBOL_EXTENSIONS = YES;
				CLANG_ANALYZER_NONNULL = YES;
				CLANG_ANALYZER_NUMBER_OBJECT_CONVERSION = YES_AGGRESSIVE;
				CLANG_CXX_LANGUAGE_STANDARD = "gnu++20";
				CLANG_ENABLE_MODULES = YES;
				CLANG_ENABLE_OBJC_ARC = YES;
				CLANG_ENABLE_OBJC_WEAK = YES;
				CLANG_WARN_BLOCK_CAPTURE_AUTORELEASING = YES;
				CLANG_WARN_BOOL_CONVERSION = YES;
				CLANG_WARN_COMMA = YES;
				CLANG_WARN_CONSTANT_CONVERSION = YES;
				CLANG_WARN_DEPRECATED_OBJC_IMPLEMENTATIONS = YES;
				CLANG_WARN_DIRECT_OBJC_ISA_USAGE = YES_ERROR;
				CLANG_WARN_DOCUMENTATION_COMMENTS = YES;
				CLANG_WARN_EMPTY_BODY = YES;
				CLANG_WARN_ENUM_CONVERSION = YES;
				CLANG_WARN_INFINITE_RECURSION = YES;
				CLANG_WARN_INT_CONVERSION = YES;
				CLANG_WARN_NON_LITERAL_NULL_CONVERSION = YES;
				CLANG_WARN_OBJC_IMPLICIT_RETAIN_SELF = YES;
				CLANG_WARN_OBJC_LITERAL_CONVERSION = YES;
				CLANG_WARN_OBJC_ROOT_CLASS = YES_ERROR;
				CLANG_WARN_QUOTED_INCLUDE_IN_FRAMEWORK_HEADER = YES;
				CLANG_WARN_RANGE_LOOP_ANALYSIS = YES;
				CLANG_WARN_STRICT_PROTOTYPES = YES;
				CLANG_WARN_SUSPICIOUS_MOVE = YES;
				CLANG_WARN_UNGUARDED_AVAILABILITY = YES_AGGRESSIVE;
				CLANG_WARN_UNREACHABLE_CODE = YES;
				CLANG_WARN__DUPLICATE_METHOD_MATCH = YES;
				COPY_PHASE_STRIP = NO;
				DEBUG_INFORMATION_FORMAT = dwarf;
				ENABLE_STRICT_OBJC_MSGSEND = YES;
				ENABLE_TESTABILITY = YES;
				ENABLE_USER_SCRIPT_SANDBOXING = YES;
				GCC_C_LANGUAGE_STANDARD = gnu17;
				GCC_DYNAMIC_NO_PIC = NO;
				GCC_NO_COMMON_BLOCKS = YES;
				GCC_OPTIMIZATION_LEVEL = 0;
				GCC_PREPROCESSOR_DEFINITIONS = (
					"DEBUG=1",
					"$(inherited)",
				);
				GCC_WARN_64_TO_32_BIT_CONVERSION = YES;
				GCC_WARN_ABOUT_RETURN_TYPE = YES_ERROR;
				GCC_WARN_UNDECLARED_SELECTOR = YES;
				GCC_WARN_UNINITIALIZED_AUTOS = YES_AGGRESSIVE;
				GCC_WARN_UNUSED_FUNCTION = YES;
				GCC_WARN_UNUSED_VARIABLE = YES;
				LOCALIZATION_PREFERS_STRING_CATALOGS = YES;
				MACOSX_DEPLOYMENT_TARGET = 14.0;
				MTL_ENABLE_DEBUG_INFO = INCLUDE_SOURCE;
				MTL_FAST_MATH = YES;
				ONLY_ACTIVE_ARCH = YES;
				SDKROOT = macosx;
				SWIFT_ACTIVE_COMPILATION_CONDITIONS = "DEBUG $(inherited)";
				SWIFT_OPTIMIZATION_LEVEL = "-Onone";
			};
			name = Debug;
		};
		I503 /* Release */ = {
			isa = XCBuildConfiguration;
			buildSettings = {
				ALWAYS_SEARCH_USER_PATHS = NO;
				ASSETCATALOG_COMPILER_GENERATE_SWIFT_ASSET_SYMBOL_EXTENSIONS = YES;
				CLANG_ANALYZER_NONNULL = YES;
				CLANG_ANALYZER_NUMBER_OBJECT_CONVERSION = YES_AGGRESSIVE;
				CLANG_CXX_LANGUAGE_STANDARD = "gnu++20";
				CLANG_ENABLE_MODULES = YES;
				CLANG_ENABLE_OBJC_ARC = YES;
				CLANG_ENABLE_OBJC_WEAK = YES;
				CLANG_WARN_BLOCK_CAPTURE_AUTORELEASING = YES;
				CLANG_WARN_BOOL_CONVERSION = YES;
				CLANG_WARN_COMMA = YES;
				CLANG_WARN_CONSTANT_CONVERSION = YES;
				CLANG_WARN_DEPRECATED_OBJC_IMPLEMENTATIONS = YES;
				CLANG_WARN_DIRECT_OBJC_ISA_USAGE = YES_ERROR;
				CLANG_WARN_DOCUMENTATION_COMMENTS = YES;
				CLANG_WARN_EMPTY_BODY = YES;
				CLANG_WARN_ENUM_CONVERSION = YES;
				CLANG_WARN_INFINITE_RECURSION = YES;
				CLANG_WARN_INT_CONVERSION = YES;
				CLANG_WARN_NON_LITERAL_NULL_CONVERSION = YES;
				CLANG_WARN_OBJC_IMPLICIT_RETAIN_SELF = YES;
				CLANG_WARN_OBJC_LITERAL_CONVERSION = YES;
				CLANG_WARN_OBJC_ROOT_CLASS = YES_ERROR;
				CLANG_WARN_QUOTED_INCLUDE_IN_FRAMEWORK_HEADER = YES;
				CLANG_WARN_RANGE_LOOP_ANALYSIS = YES;
				CLANG_WARN_STRICT_PROTOTYPES = YES;
				CLANG_WARN_SUSPICIOUS_MOVE = YES;
				CLANG_WARN_UNGUARDED_AVAILABILITY = YES_AGGRESSIVE;
				CLANG_WARN_UNREACHABLE_CODE = YES;
				CLANG_WARN__DUPLICATE_METHOD_MATCH = YES;
				COPY_PHASE_STRIP = NO;
				DEBUG_INFORMATION_FORMAT = "dwarf-with-dsym";
				ENABLE_NS_ASSERTIONS = NO;
				ENABLE_STRICT_OBJC_MSGSEND = YES;
				ENABLE_USER_SCRIPT_SANDBOXING = YES;
				GCC_C_LANGUAGE_STANDARD = gnu17;
				GCC_NO_COMMON_BLOCKS = YES;
				GCC_WARN_64_TO_32_BIT_CONVERSION = YES;
				GCC_WARN_ABOUT_RETURN_TYPE = YES_ERROR;
				GCC_WARN_UNDECLARED_SELECTOR = YES;
				GCC_WARN_UNINITIALIZED_AUTOS = YES_AGGRESSIVE;
				GCC_WARN_UNUSED_FUNCTION = YES;
				GCC_WARN_UNUSED_VARIABLE = YES;
				LOCALIZATION_PREFERS_STRING_CATALOGS = YES;
				MACOSX_DEPLOYMENT_TARGET = 14.0;
				MTL_ENABLE_DEBUG_INFO = NO;
				MTL_FAST_MATH = YES;
				SDKROOT = macosx;
				SWIFT_COMPILATION_MODE = wholemodule;
			};
			name = Release;
		};
		I504 /* Debug */ = {
			isa = XCBuildConfiguration;
			buildSettings = {
				ASSETCATALOG_COMPILER_APPICON_NAME = AppIcon;
				ASSETCATALOG_COMPILER_GLOBAL_ACCENT_COLOR_NAME = AccentColor;
				CODE_SIGN_ENTITLEMENTS = WordTagger/WordTagger.entitlements;
				CODE_SIGN_STYLE = Automatic;
				COMBINE_HIDPI_IMAGES = YES;
				CURRENT_PROJECT_VERSION = 1;
				DEVELOPMENT_TEAM = "";
				ENABLE_HARDENED_RUNTIME = YES;
				ENABLE_PREVIEWS = YES;
				GENERATE_INFOPLIST_FILE = YES;
				INFOPLIST_KEY_NSHumanReadableCopyright = "";
				LD_RUNPATH_SEARCH_PATHS = (
					"$(inherited)",
					"@executable_path/../Frameworks",
				);
				MARKETING_VERSION = 1.0;
				PRODUCT_BUNDLE_IDENTIFIER = com.example.WordTagger;
				PRODUCT_NAME = "$(TARGET_NAME)";
				SWIFT_EMIT_LOC_STRINGS = YES;
				SWIFT_VERSION = 5.0;
			};
			name = Debug;
		};
		I505 /* Release */ = {
			isa = XCBuildConfiguration;
			buildSettings = {
				ASSETCATALOG_COMPILER_APPICON_NAME = AppIcon;
				ASSETCATALOG_COMPILER_GLOBAL_ACCENT_COLOR_NAME = AccentColor;
				CODE_SIGN_ENTITLEMENTS = WordTagger/WordTagger.entitlements;
				CODE_SIGN_STYLE = Automatic;
				COMBINE_HIDPI_IMAGES = YES;
				CURRENT_PROJECT_VERSION = 1;
				DEVELOPMENT_TEAM = "";
				ENABLE_HARDENED_RUNTIME = YES;
				ENABLE_PREVIEWS = YES;
				GENERATE_INFOPLIST_FILE = YES;
				INFOPLIST_KEY_NSHumanReadableCopyright = "";
				LD_RUNPATH_SEARCH_PATHS = (
					"$(inherited)",
					"@executable_path/../Frameworks",
				);
				MARKETING_VERSION = 1.0;
				PRODUCT_BUNDLE_IDENTIFIER = com.example.WordTagger;
				PRODUCT_NAME = "$(TARGET_NAME)";
				SWIFT_EMIT_LOC_STRINGS = YES;
				SWIFT_VERSION = 5.0;
			};
			name = Release;
		};
/* End XCBuildConfiguration section */

/* Begin XCConfigurationList section */
		G500 /* Build configuration list for PBXNativeTarget "WordTagger" */ = {
			isa = XCConfigurationList;
			buildConfigurations = (
				I504 /* Debug */,
				I505 /* Release */,
			);
			defaultConfigurationIsVisible = 0;
			defaultConfigurationName = Release;
		};
		H601 /* Build configuration list for PBXProject "WordTagger" */ = {
			isa = XCConfigurationList;
			buildConfigurations = (
				I502 /* Debug */,
				I503 /* Release */,
			);
			defaultConfigurationIsVisible = 0;
			defaultConfigurationName = Release;
		};
/* End XCConfigurationList section */
	};
	rootObject = H600 /* Project object */;
}